// !$*UTF8*$!
{
	archiveVersion = 1;
	classes = {
	};
	objectVersion = 56;
	objects = {

/* Begin PBXBuildFile section */
		632D85352A546EA600595F4B /* AppDelegate.swift in Sources */ = {isa = PBXBuildFile; fileRef = 632D85342A546EA600595F4B /* AppDelegate.swift */; };
		632D85372A546EA600595F4B /* SceneDelegate.swift in Sources */ = {isa = PBXBuildFile; fileRef = 632D85362A546EA600595F4B /* SceneDelegate.swift */; };
		632D853A2A546EA600595F4B /* LaunchScreen.storyboard in Resources */ = {isa = PBXBuildFile; fileRef = 632D85382A546EA600595F4B /* LaunchScreen.storyboard */; };
		632D853D2A546EA600595F4B /* Main.storyboard in Resources */ = {isa = PBXBuildFile; fileRef = 632D853B2A546EA600595F4B /* Main.storyboard */; };
		632D85462A546EA600595F4B /* AppDelegate.swift in Sources */ = {isa = PBXBuildFile; fileRef = 632D85452A546EA600595F4B /* AppDelegate.swift */; };
		632D85492A546EA600595F4B /* Main.storyboard in Resources */ = {isa = PBXBuildFile; fileRef = 632D85472A546EA600595F4B /* Main.storyboard */; };
		632D85502A546EA600595F4B /* Agnex Extension.appex in Embed Foundation Extensions */ = {isa = PBXBuildFile; fileRef = 632D854F2A546EA600595F4B /* Agnex Extension.appex */; settings = {ATTRIBUTES = (RemoveHeadersOnCopy, ); }; };
		632D855A2A546EA600595F4B /* Agnex Extension.appex in Embed Foundation Extensions */ = {isa = PBXBuildFile; fileRef = 632D85592A546EA600595F4B /* Agnex Extension.appex */; settings = {ATTRIBUTES = (RemoveHeadersOnCopy, ); }; };
		632D85602A546EA600595F4B /* Main.html in Resources */ = {isa = PBXBuildFile; fileRef = 632D851B2A546EA600595F4B /* Main.html */; };
		632D85612A546EA600595F4B /* Main.html in Resources */ = {isa = PBXBuildFile; fileRef = 632D851B2A546EA600595F4B /* Main.html */; };
		632D85622A546EA600595F4B /* Icon.png in Resources */ = {isa = PBXBuildFile; fileRef = 632D851D2A546EA600595F4B /* Icon.png */; };
		632D85632A546EA600595F4B /* Icon.png in Resources */ = {isa = PBXBuildFile; fileRef = 632D851D2A546EA600595F4B /* Icon.png */; };
		632D85642A546EA600595F4B /* Style.css in Resources */ = {isa = PBXBuildFile; fileRef = 632D851E2A546EA600595F4B /* Style.css */; };
		632D85652A546EA600595F4B /* Style.css in Resources */ = {isa = PBXBuildFile; fileRef = 632D851E2A546EA600595F4B /* Style.css */; };
		632D85662A546EA600595F4B /* Script.js in Resources */ = {isa = PBXBuildFile; fileRef = 632D851F2A546EA600595F4B /* Script.js */; };
		632D85672A546EA600595F4B /* Script.js in Resources */ = {isa = PBXBuildFile; fileRef = 632D851F2A546EA600595F4B /* Script.js */; };
		632D85682A546EA600595F4B /* ViewController.swift in Sources */ = {isa = PBXBuildFile; fileRef = 632D85202A546EA600595F4B /* ViewController.swift */; };
		632D85692A546EA600595F4B /* ViewController.swift in Sources */ = {isa = PBXBuildFile; fileRef = 632D85202A546EA600595F4B /* ViewController.swift */; };
		632D856A2A546EA600595F4B /* Assets.xcassets in Resources */ = {isa = PBXBuildFile; fileRef = 632D85212A546EA600595F4B /* Assets.xcassets */; };
		632D856B2A546EA600595F4B /* Assets.xcassets in Resources */ = {isa = PBXBuildFile; fileRef = 632D85212A546EA600595F4B /* Assets.xcassets */; };
		632D856C2A546EA600595F4B /* SafariWebExtensionHandler.swift in Sources */ = {isa = PBXBuildFile; fileRef = 632D85232A546EA600595F4B /* SafariWebExtensionHandler.swift */; };
		632D856D2A546EA600595F4B /* SafariWebExtensionHandler.swift in Sources */ = {isa = PBXBuildFile; fileRef = 632D85232A546EA600595F4B /* SafariWebExtensionHandler.swift */; };
		632D856E2A546EA600595F4B /* _locales in Resources */ = {isa = PBXBuildFile; fileRef = 632D85252A546EA600595F4B /* _locales */; };
		632D856F2A546EA600595F4B /* _locales in Resources */ = {isa = PBXBuildFile; fileRef = 632D85252A546EA600595F4B /* _locales */; };
		632D85702A546EA600595F4B /* images in Resources */ = {isa = PBXBuildFile; fileRef = 632D85262A546EA600595F4B /* images */; };
		632D85712A546EA600595F4B /* images in Resources */ = {isa = PBXBuildFile; fileRef = 632D85262A546EA600595F4B /* images */; };
		632D85722A546EA600595F4B /* manifest.json in Resources */ = {isa = PBXBuildFile; fileRef = 632D85272A546EA600595F4B /* manifest.json */; };
		632D85732A546EA600595F4B /* manifest.json in Resources */ = {isa = PBXBuildFile; fileRef = 632D85272A546EA600595F4B /* manifest.json */; };
		632D85742A546EA600595F4B /* background.js in Resources */ = {isa = PBXBuildFile; fileRef = 632D85282A546EA600595F4B /* background.js */; };
		632D85752A546EA600595F4B /* background.js in Resources */ = {isa = PBXBuildFile; fileRef = 632D85282A546EA600595F4B /* background.js */; };
		633923892A546FE300E11B72 /* archivekiller.css in Resources */ = {isa = PBXBuildFile; fileRef = 633923882A546FE300E11B72 /* archivekiller.css */; };
		6339238A2A546FE300E11B72 /* archivekiller.css in Resources */ = {isa = PBXBuildFile; fileRef = 633923882A546FE300E11B72 /* archivekiller.css */; };
/* End PBXBuildFile section */

/* Begin PBXContainerItemProxy section */
		632D85512A546EA600595F4B /* PBXContainerItemProxy */ = {
			isa = PBXContainerItemProxy;
			containerPortal = 632D85152A546EA500595F4B /* Project object */;
			proxyType = 1;
			remoteGlobalIDString = 632D854E2A546EA600595F4B;
			remoteInfo = "Agnex Extension (iOS)";
		};
		632D855B2A546EA600595F4B /* PBXContainerItemProxy */ = {
			isa = PBXContainerItemProxy;
			containerPortal = 632D85152A546EA500595F4B /* Project object */;
			proxyType = 1;
			remoteGlobalIDString = 632D85582A546EA600595F4B;
			remoteInfo = "Agnex Extension (macOS)";
		};
/* End PBXContainerItemProxy section */

/* Begin PBXCopyFilesBuildPhase section */
		632D85832A546EA600595F4B /* Embed Foundation Extensions */ = {
			isa = PBXCopyFilesBuildPhase;
			buildActionMask = 2147483647;
			dstPath = "";
			dstSubfolderSpec = 13;
			files = (
				632D85502A546EA600595F4B /* Agnex Extension.appex in Embed Foundation Extensions */,
			);
			name = "Embed Foundation Extensions";
			runOnlyForDeploymentPostprocessing = 0;
		};
		632D858A2A546EA600595F4B /* Embed Foundation Extensions */ = {
			isa = PBXCopyFilesBuildPhase;
			buildActionMask = 2147483647;
			dstPath = "";
			dstSubfolderSpec = 13;
			files = (
				632D855A2A546EA600595F4B /* Agnex Extension.appex in Embed Foundation Extensions */,
			);
			name = "Embed Foundation Extensions";
			runOnlyForDeploymentPostprocessing = 0;
		};
/* End PBXCopyFilesBuildPhase section */

/* Begin PBXFileReference section */
		632D851C2A546EA600595F4B /* Base */ = {isa = PBXFileReference; lastKnownFileType = text.html; name = Base; path = ../Base.lproj/Main.html; sourceTree = "<group>"; };
		632D851D2A546EA600595F4B /* Icon.png */ = {isa = PBXFileReference; lastKnownFileType = image.png; path = Icon.png; sourceTree = "<group>"; };
		632D851E2A546EA600595F4B /* Style.css */ = {isa = PBXFileReference; lastKnownFileType = text.css; path = Style.css; sourceTree = "<group>"; };
		632D851F2A546EA600595F4B /* Script.js */ = {isa = PBXFileReference; lastKnownFileType = sourcecode.javascript; path = Script.js; sourceTree = "<group>"; };
		632D85202A546EA600595F4B /* ViewController.swift */ = {isa = PBXFileReference; lastKnownFileType = sourcecode.swift; path = ViewController.swift; sourceTree = "<group>"; };
		632D85212A546EA600595F4B /* Assets.xcassets */ = {isa = PBXFileReference; lastKnownFileType = folder.assetcatalog; path = Assets.xcassets; sourceTree = "<group>"; };
		632D85232A546EA600595F4B /* SafariWebExtensionHandler.swift */ = {isa = PBXFileReference; lastKnownFileType = sourcecode.swift; path = SafariWebExtensionHandler.swift; sourceTree = "<group>"; };
		632D85252A546EA600595F4B /* _locales */ = {isa = PBXFileReference; lastKnownFileType = folder; path = _locales; sourceTree = "<group>"; };
		632D85262A546EA600595F4B /* images */ = {isa = PBXFileReference; lastKnownFileType = folder; path = images; sourceTree = "<group>"; };
		632D85272A546EA600595F4B /* manifest.json */ = {isa = PBXFileReference; lastKnownFileType = text.json; path = manifest.json; sourceTree = "<group>"; };
		632D85282A546EA600595F4B /* background.js */ = {isa = PBXFileReference; lastKnownFileType = sourcecode.javascript; path = background.js; sourceTree = "<group>"; };
		632D85312A546EA600595F4B /* Agnex.app */ = {isa = PBXFileReference; explicitFileType = wrapper.application; includeInIndex = 0; path = Agnex.app; sourceTree = BUILT_PRODUCTS_DIR; };
		632D85342A546EA600595F4B /* AppDelegate.swift */ = {isa = PBXFileReference; lastKnownFileType = sourcecode.swift; path = AppDelegate.swift; sourceTree = "<group>"; };
		632D85362A546EA600595F4B /* SceneDelegate.swift */ = {isa = PBXFileReference; lastKnownFileType = sourcecode.swift; path = SceneDelegate.swift; sourceTree = "<group>"; };
		632D85392A546EA600595F4B /* Base */ = {isa = PBXFileReference; lastKnownFileType = file.storyboard; name = Base; path = Base.lproj/LaunchScreen.storyboard; sourceTree = "<group>"; };
		632D853C2A546EA600595F4B /* Base */ = {isa = PBXFileReference; lastKnownFileType = file.storyboard; name = Base; path = Base.lproj/Main.storyboard; sourceTree = "<group>"; };
		632D853E2A546EA600595F4B /* Info.plist */ = {isa = PBXFileReference; lastKnownFileType = text.plist.xml; path = Info.plist; sourceTree = "<group>"; };
		632D85432A546EA600595F4B /* Agnex.app */ = {isa = PBXFileReference; explicitFileType = wrapper.application; includeInIndex = 0; path = Agnex.app; sourceTree = BUILT_PRODUCTS_DIR; };
		632D85452A546EA600595F4B /* AppDelegate.swift */ = {isa = PBXFileReference; lastKnownFileType = sourcecode.swift; path = AppDelegate.swift; sourceTree = "<group>"; };
		632D85482A546EA600595F4B /* Base */ = {isa = PBXFileReference; lastKnownFileType = file.storyboard; name = Base; path = Base.lproj/Main.storyboard; sourceTree = "<group>"; };
		632D854A2A546EA600595F4B /* Agnex.entitlements */ = {isa = PBXFileReference; lastKnownFileType = text.plist.entitlements; path = Agnex.entitlements; sourceTree = "<group>"; };
		632D854F2A546EA600595F4B /* Agnex Extension.appex */ = {isa = PBXFileReference; explicitFileType = "wrapper.app-extension"; includeInIndex = 0; path = "Agnex Extension.appex"; sourceTree = BUILT_PRODUCTS_DIR; };
		632D85542A546EA600595F4B /* Info.plist */ = {isa = PBXFileReference; lastKnownFileType = text.plist.xml; path = Info.plist; sourceTree = "<group>"; };
		632D85592A546EA600595F4B /* Agnex Extension.appex */ = {isa = PBXFileReference; explicitFileType = "wrapper.app-extension"; includeInIndex = 0; path = "Agnex Extension.appex"; sourceTree = BUILT_PRODUCTS_DIR; };
		632D855E2A546EA600595F4B /* Info.plist */ = {isa = PBXFileReference; lastKnownFileType = text.plist.xml; path = Info.plist; sourceTree = "<group>"; };
		632D855F2A546EA600595F4B /* Agnex.entitlements */ = {isa = PBXFileReference; lastKnownFileType = text.plist.entitlements; path = Agnex.entitlements; sourceTree = "<group>"; };
		633923882A546FE300E11B72 /* archivekiller.css */ = {isa = PBXFileReference; fileEncoding = 4; lastKnownFileType = text.css; path = archivekiller.css; sourceTree = "<group>"; };
/* End PBXFileReference section */

/* Begin PBXFrameworksBuildPhase section */
		632D852E2A546EA600595F4B /* Frameworks */ = {
			isa = PBXFrameworksBuildPhase;
			buildActionMask = 2147483647;
			files = (
			);
			runOnlyForDeploymentPostprocessing = 0;
		};
		632D85402A546EA600595F4B /* Frameworks */ = {
			isa = PBXFrameworksBuildPhase;
			buildActionMask = 2147483647;
			files = (
			);
			runOnlyForDeploymentPostprocessing = 0;
		};
		632D854C2A546EA600595F4B /* Frameworks */ = {
			isa = PBXFrameworksBuildPhase;
			buildActionMask = 2147483647;
			files = (
			);
			runOnlyForDeploymentPostprocessing = 0;
		};
		632D85562A546EA600595F4B /* Frameworks */ = {
			isa = PBXFrameworksBuildPhase;
			buildActionMask = 2147483647;
			files = (
			);
			runOnlyForDeploymentPostprocessing = 0;
		};
/* End PBXFrameworksBuildPhase section */

/* Begin PBXGroup section */
		632D85142A546EA500595F4B = {
			isa = PBXGroup;
			children = (
				632D85192A546EA600595F4B /* Shared (App) */,
				632D85222A546EA600595F4B /* Shared (Extension) */,
				632D85332A546EA600595F4B /* iOS (App) */,
				632D85442A546EA600595F4B /* macOS (App) */,
				632D85532A546EA600595F4B /* iOS (Extension) */,
				632D855D2A546EA600595F4B /* macOS (Extension) */,
				632D85322A546EA600595F4B /* Products */,
			);
			sourceTree = "<group>";
		};
		632D85192A546EA600595F4B /* Shared (App) */ = {
			isa = PBXGroup;
			children = (
				632D85202A546EA600595F4B /* ViewController.swift */,
				632D85212A546EA600595F4B /* Assets.xcassets */,
				632D851A2A546EA600595F4B /* Resources */,
			);
			path = "Shared (App)";
			sourceTree = "<group>";
		};
		632D851A2A546EA600595F4B /* Resources */ = {
			isa = PBXGroup;
			children = (
				632D851B2A546EA600595F4B /* Main.html */,
				632D851D2A546EA600595F4B /* Icon.png */,
				632D851E2A546EA600595F4B /* Style.css */,
				632D851F2A546EA600595F4B /* Script.js */,
			);
			path = Resources;
			sourceTree = "<group>";
		};
		632D85222A546EA600595F4B /* Shared (Extension) */ = {
			isa = PBXGroup;
			children = (
				632D85232A546EA600595F4B /* SafariWebExtensionHandler.swift */,
				632D85242A546EA600595F4B /* Resources */,
			);
			path = "Shared (Extension)";
			sourceTree = "<group>";
		};
		632D85242A546EA600595F4B /* Resources */ = {
			isa = PBXGroup;
			children = (
				632D85252A546EA600595F4B /* _locales */,
				632D85262A546EA600595F4B /* images */,
				632D85272A546EA600595F4B /* manifest.json */,
				633923882A546FE300E11B72 /* archivekiller.css */,
				632D85282A546EA600595F4B /* background.js */,
			);
			path = Resources;
			sourceTree = "<group>";
		};
		632D85322A546EA600595F4B /* Products */ = {
			isa = PBXGroup;
			children = (
				632D85312A546EA600595F4B /* Agnex.app */,
				632D85432A546EA600595F4B /* Agnex.app */,
				632D854F2A546EA600595F4B /* Agnex Extension.appex */,
				632D85592A546EA600595F4B /* Agnex Extension.appex */,
			);
			name = Products;
			sourceTree = "<group>";
		};
		632D85332A546EA600595F4B /* iOS (App) */ = {
			isa = PBXGroup;
			children = (
				632D85342A546EA600595F4B /* AppDelegate.swift */,
				632D85362A546EA600595F4B /* SceneDelegate.swift */,
				632D85382A546EA600595F4B /* LaunchScreen.storyboard */,
				632D853B2A546EA600595F4B /* Main.storyboard */,
				632D853E2A546EA600595F4B /* Info.plist */,
			);
			path = "iOS (App)";
			sourceTree = "<group>";
		};
		632D85442A546EA600595F4B /* macOS (App) */ = {
			isa = PBXGroup;
			children = (
				632D85452A546EA600595F4B /* AppDelegate.swift */,
				632D85472A546EA600595F4B /* Main.storyboard */,
				632D854A2A546EA600595F4B /* Agnex.entitlements */,
			);
			path = "macOS (App)";
			sourceTree = "<group>";
		};
		632D85532A546EA600595F4B /* iOS (Extension) */ = {
			isa = PBXGroup;
			children = (
				632D85542A546EA600595F4B /* Info.plist */,
			);
			path = "iOS (Extension)";
			sourceTree = "<group>";
		};
		632D855D2A546EA600595F4B /* macOS (Extension) */ = {
			isa = PBXGroup;
			children = (
				632D855E2A546EA600595F4B /* Info.plist */,
				632D855F2A546EA600595F4B /* Agnex.entitlements */,
			);
			path = "macOS (Extension)";
			sourceTree = "<group>";
		};
/* End PBXGroup section */

/* Begin PBXNativeTarget section */
		632D85302A546EA600595F4B /* Agnex (iOS) */ = {
			isa = PBXNativeTarget;
			buildConfigurationList = 632D85842A546EA600595F4B /* Build configuration list for PBXNativeTarget "Agnex (iOS)" */;
			buildPhases = (
				632D852D2A546EA600595F4B /* Sources */,
				632D852E2A546EA600595F4B /* Frameworks */,
				632D852F2A546EA600595F4B /* Resources */,
				632D85832A546EA600595F4B /* Embed Foundation Extensions */,
			);
			buildRules = (
			);
			dependencies = (
				632D85522A546EA600595F4B /* PBXTargetDependency */,
			);
			name = "Agnex (iOS)";
			productName = "Agnex (iOS)";
			productReference = 632D85312A546EA600595F4B /* Agnex.app */;
			productType = "com.apple.product-type.application";
		};
		632D85422A546EA600595F4B /* Agnex (macOS) */ = {
			isa = PBXNativeTarget;
			buildConfigurationList = 632D858B2A546EA600595F4B /* Build configuration list for PBXNativeTarget "Agnex (macOS)" */;
			buildPhases = (
				632D853F2A546EA600595F4B /* Sources */,
				632D85402A546EA600595F4B /* Frameworks */,
				632D85412A546EA600595F4B /* Resources */,
				632D858A2A546EA600595F4B /* Embed Foundation Extensions */,
			);
			buildRules = (
			);
			dependencies = (
				632D855C2A546EA600595F4B /* PBXTargetDependency */,
			);
			name = "Agnex (macOS)";
			productName = "Agnex (macOS)";
			productReference = 632D85432A546EA600595F4B /* Agnex.app */;
			productType = "com.apple.product-type.application";
		};
		632D854E2A546EA600595F4B /* Agnex Extension (iOS) */ = {
			isa = PBXNativeTarget;
			buildConfigurationList = 632D85802A546EA600595F4B /* Build configuration list for PBXNativeTarget "Agnex Extension (iOS)" */;
			buildPhases = (
				632D854B2A546EA600595F4B /* Sources */,
				632D854C2A546EA600595F4B /* Frameworks */,
				632D854D2A546EA600595F4B /* Resources */,
			);
			buildRules = (
			);
			dependencies = (
			);
			name = "Agnex Extension (iOS)";
			productName = "Agnex Extension (iOS)";
			productReference = 632D854F2A546EA600595F4B /* Agnex Extension.appex */;
			productType = "com.apple.product-type.app-extension";
		};
		632D85582A546EA600595F4B /* Agnex Extension (macOS) */ = {
			isa = PBXNativeTarget;
			buildConfigurationList = 632D85872A546EA600595F4B /* Build configuration list for PBXNativeTarget "Agnex Extension (macOS)" */;
			buildPhases = (
				632D85552A546EA600595F4B /* Sources */,
				632D85562A546EA600595F4B /* Frameworks */,
				632D85572A546EA600595F4B /* Resources */,
			);
			buildRules = (
			);
			dependencies = (
			);
			name = "Agnex Extension (macOS)";
			productName = "Agnex Extension (macOS)";
			productReference = 632D85592A546EA600595F4B /* Agnex Extension.appex */;
			productType = "com.apple.product-type.app-extension";
		};
/* End PBXNativeTarget section */

/* Begin PBXProject section */
		632D85152A546EA500595F4B /* Project object */ = {
			isa = PBXProject;
			attributes = {
				BuildIndependentTargetsInParallel = 1;
				LastSwiftUpdateCheck = 1410;
				LastUpgradeCheck = 1410;
				TargetAttributes = {
					632D85302A546EA600595F4B = {
						CreatedOnToolsVersion = 14.1;
					};
					632D85422A546EA600595F4B = {
						CreatedOnToolsVersion = 14.1;
					};
					632D854E2A546EA600595F4B = {
						CreatedOnToolsVersion = 14.1;
					};
					632D85582A546EA600595F4B = {
						CreatedOnToolsVersion = 14.1;
					};
				};
			};
			buildConfigurationList = 632D85182A546EA500595F4B /* Build configuration list for PBXProject "Agnex" */;
			compatibilityVersion = "Xcode 14.0";
			developmentRegion = en;
			hasScannedForEncodings = 0;
			knownRegions = (
				en,
				Base,
			);
			mainGroup = 632D85142A546EA500595F4B;
			productRefGroup = 632D85322A546EA600595F4B /* Products */;
			projectDirPath = "";
			projectRoot = "";
			targets = (
				632D85302A546EA600595F4B /* Agnex (iOS) */,
				632D85422A546EA600595F4B /* Agnex (macOS) */,
				632D854E2A546EA600595F4B /* Agnex Extension (iOS) */,
				632D85582A546EA600595F4B /* Agnex Extension (macOS) */,
			);
		};
/* End PBXProject section */

/* Begin PBXResourcesBuildPhase section */
		632D852F2A546EA600595F4B /* Resources */ = {
			isa = PBXResourcesBuildPhase;
			buildActionMask = 2147483647;
			files = (
				632D85622A546EA600595F4B /* Icon.png in Resources */,
				632D853A2A546EA600595F4B /* LaunchScreen.storyboard in Resources */,
				632D85602A546EA600595F4B /* Main.html in Resources */,
				632D85662A546EA600595F4B /* Script.js in Resources */,
				632D856A2A546EA600595F4B /* Assets.xcassets in Resources */,
				632D853D2A546EA600595F4B /* Main.storyboard in Resources */,
				632D85642A546EA600595F4B /* Style.css in Resources */,
			);
			runOnlyForDeploymentPostprocessing = 0;
		};
		632D85412A546EA600595F4B /* Resources */ = {
			isa = PBXResourcesBuildPhase;
			buildActionMask = 2147483647;
			files = (
				632D85632A546EA600595F4B /* Icon.png in Resources */,
				632D85652A546EA600595F4B /* Style.css in Resources */,
				632D85492A546EA600595F4B /* Main.storyboard in Resources */,
				632D85672A546EA600595F4B /* Script.js in Resources */,
				632D856B2A546EA600595F4B /* Assets.xcassets in Resources */,
				632D85612A546EA600595F4B /* Main.html in Resources */,
			);
			runOnlyForDeploymentPostprocessing = 0;
		};
		632D854D2A546EA600595F4B /* Resources */ = {
			isa = PBXResourcesBuildPhase;
			buildActionMask = 2147483647;
			files = (
				632D85742A546EA600595F4B /* background.js in Resources */,
				632D85702A546EA600595F4B /* images in Resources */,
				632D85722A546EA600595F4B /* manifest.json in Resources */,
				632D856E2A546EA600595F4B /* _locales in Resources */,
				633923892A546FE300E11B72 /* archivekiller.css in Resources */,
			);
			runOnlyForDeploymentPostprocessing = 0;
		};
		632D85572A546EA600595F4B /* Resources */ = {
			isa = PBXResourcesBuildPhase;
			buildActionMask = 2147483647;
			files = (
				632D85752A546EA600595F4B /* background.js in Resources */,
				632D85712A546EA600595F4B /* images in Resources */,
				632D85732A546EA600595F4B /* manifest.json in Resources */,
				632D856F2A546EA600595F4B /* _locales in Resources */,
				6339238A2A546FE300E11B72 /* archivekiller.css in Resources */,
			);
			runOnlyForDeploymentPostprocessing = 0;
		};
/* End PBXResourcesBuildPhase section */

/* Begin PBXSourcesBuildPhase section */
		632D852D2A546EA600595F4B /* Sources */ = {
			isa = PBXSourcesBuildPhase;
			buildActionMask = 2147483647;
			files = (
				632D85682A546EA600595F4B /* ViewController.swift in Sources */,
				632D85352A546EA600595F4B /* AppDelegate.swift in Sources */,
				632D85372A546EA600595F4B /* SceneDelegate.swift in Sources */,
			);
			runOnlyForDeploymentPostprocessing = 0;
		};
		632D853F2A546EA600595F4B /* Sources */ = {
			isa = PBXSourcesBuildPhase;
			buildActionMask = 2147483647;
			files = (
				632D85692A546EA600595F4B /* ViewController.swift in Sources */,
				632D85462A546EA600595F4B /* AppDelegate.swift in Sources */,
			);
			runOnlyForDeploymentPostprocessing = 0;
		};
		632D854B2A546EA600595F4B /* Sources */ = {
			isa = PBXSourcesBuildPhase;
			buildActionMask = 2147483647;
			files = (
				632D856C2A546EA600595F4B /* SafariWebExtensionHandler.swift in Sources */,
			);
			runOnlyForDeploymentPostprocessing = 0;
		};
		632D85552A546EA600595F4B /* Sources */ = {
			isa = PBXSourcesBuildPhase;
			buildActionMask = 2147483647;
			files = (
				632D856D2A546EA600595F4B /* SafariWebExtensionHandler.swift in Sources */,
			);
			runOnlyForDeploymentPostprocessing = 0;
		};
/* End PBXSourcesBuildPhase section */

/* Begin PBXTargetDependency section */
		632D85522A546EA600595F4B /* PBXTargetDependency */ = {
			isa = PBXTargetDependency;
			target = 632D854E2A546EA600595F4B /* Agnex Extension (iOS) */;
			targetProxy = 632D85512A546EA600595F4B /* PBXContainerItemProxy */;
		};
		632D855C2A546EA600595F4B /* PBXTargetDependency */ = {
			isa = PBXTargetDependency;
			target = 632D85582A546EA600595F4B /* Agnex Extension (macOS) */;
			targetProxy = 632D855B2A546EA600595F4B /* PBXContainerItemProxy */;
		};
/* End PBXTargetDependency section */

/* Begin PBXVariantGroup section */
		632D851B2A546EA600595F4B /* Main.html */ = {
			isa = PBXVariantGroup;
			children = (
				632D851C2A546EA600595F4B /* Base */,
			);
			name = Main.html;
			sourceTree = "<group>";
		};
		632D85382A546EA600595F4B /* LaunchScreen.storyboard */ = {
			isa = PBXVariantGroup;
			children = (
				632D85392A546EA600595F4B /* Base */,
			);
			name = LaunchScreen.storyboard;
			sourceTree = "<group>";
		};
		632D853B2A546EA600595F4B /* Main.storyboard */ = {
			isa = PBXVariantGroup;
			children = (
				632D853C2A546EA600595F4B /* Base */,
			);
			name = Main.storyboard;
			sourceTree = "<group>";
		};
		632D85472A546EA600595F4B /* Main.storyboard */ = {
			isa = PBXVariantGroup;
			children = (
				632D85482A546EA600595F4B /* Base */,
			);
			name = Main.storyboard;
			sourceTree = "<group>";
		};
/* End PBXVariantGroup section */

/* Begin XCBuildConfiguration section */
		632D857E2A546EA600595F4B /* Debug */ = {
			isa = XCBuildConfiguration;
			buildSettings = {
				ALWAYS_SEARCH_USER_PATHS = NO;
				CLANG_ANALYZER_NONNULL = YES;
				CLANG_ANALYZER_NUMBER_OBJECT_CONVERSION = YES_AGGRESSIVE;
				CLANG_CXX_LANGUAGE_STANDARD = "gnu++20";
				CLANG_ENABLE_MODULES = YES;
				CLANG_ENABLE_OBJC_ARC = YES;
				CLANG_ENABLE_OBJC_WEAK = YES;
				CLANG_WARN_BLOCK_CAPTURE_AUTORELEASING = YES;
				CLANG_WARN_BOOL_CONVERSION = YES;
				CLANG_WARN_COMMA = YES;
				CLANG_WARN_CONSTANT_CONVERSION = YES;
				CLANG_WARN_DEPRECATED_OBJC_IMPLEMENTATIONS = YES;
				CLANG_WARN_DIRECT_OBJC_ISA_USAGE = YES_ERROR;
				CLANG_WARN_DOCUMENTATION_COMMENTS = YES;
				CLANG_WARN_EMPTY_BODY = YES;
				CLANG_WARN_ENUM_CONVERSION = YES;
				CLANG_WARN_INFINITE_RECURSION = YES;
				CLANG_WARN_INT_CONVERSION = YES;
				CLANG_WARN_NON_LITERAL_NULL_CONVERSION = YES;
				CLANG_WARN_OBJC_IMPLICIT_RETAIN_SELF = YES;
				CLANG_WARN_OBJC_LITERAL_CONVERSION = YES;
				CLANG_WARN_OBJC_ROOT_CLASS = YES_ERROR;
				CLANG_WARN_QUOTED_INCLUDE_IN_FRAMEWORK_HEADER = YES;
				CLANG_WARN_RANGE_LOOP_ANALYSIS = YES;
				CLANG_WARN_STRICT_PROTOTYPES = YES;
				CLANG_WARN_SUSPICIOUS_MOVE = YES;
				CLANG_WARN_UNGUARDED_AVAILABILITY = YES_AGGRESSIVE;
				CLANG_WARN_UNREACHABLE_CODE = YES;
				CLANG_WARN__DUPLICATE_METHOD_MATCH = YES;
				COPY_PHASE_STRIP = NO;
				DEBUG_INFORMATION_FORMAT = dwarf;
				ENABLE_STRICT_OBJC_MSGSEND = YES;
				ENABLE_TESTABILITY = YES;
				GCC_C_LANGUAGE_STANDARD = gnu11;
				GCC_DYNAMIC_NO_PIC = NO;
				GCC_NO_COMMON_BLOCKS = YES;
				GCC_OPTIMIZATION_LEVEL = 0;
				GCC_PREPROCESSOR_DEFINITIONS = (
					"DEBUG=1",
					"$(inherited)",
				);
				GCC_WARN_64_TO_32_BIT_CONVERSION = YES;
				GCC_WARN_ABOUT_RETURN_TYPE = YES_ERROR;
				GCC_WARN_UNDECLARED_SELECTOR = YES;
				GCC_WARN_UNINITIALIZED_AUTOS = YES_AGGRESSIVE;
				GCC_WARN_UNUSED_FUNCTION = YES;
				GCC_WARN_UNUSED_VARIABLE = YES;
				MTL_ENABLE_DEBUG_INFO = INCLUDE_SOURCE;
				MTL_FAST_MATH = YES;
				ONLY_ACTIVE_ARCH = YES;
				SWIFT_ACTIVE_COMPILATION_CONDITIONS = DEBUG;
				SWIFT_OPTIMIZATION_LEVEL = "-Onone";
			};
			name = Debug;
		};
		632D857F2A546EA600595F4B /* Release */ = {
			isa = XCBuildConfiguration;
			buildSettings = {
				ALWAYS_SEARCH_USER_PATHS = NO;
				CLANG_ANALYZER_NONNULL = YES;
				CLANG_ANALYZER_NUMBER_OBJECT_CONVERSION = YES_AGGRESSIVE;
				CLANG_CXX_LANGUAGE_STANDARD = "gnu++20";
				CLANG_ENABLE_MODULES = YES;
				CLANG_ENABLE_OBJC_ARC = YES;
				CLANG_ENABLE_OBJC_WEAK = YES;
				CLANG_WARN_BLOCK_CAPTURE_AUTORELEASING = YES;
				CLANG_WARN_BOOL_CONVERSION = YES;
				CLANG_WARN_COMMA = YES;
				CLANG_WARN_CONSTANT_CONVERSION = YES;
				CLANG_WARN_DEPRECATED_OBJC_IMPLEMENTATIONS = YES;
				CLANG_WARN_DIRECT_OBJC_ISA_USAGE = YES_ERROR;
				CLANG_WARN_DOCUMENTATION_COMMENTS = YES;
				CLANG_WARN_EMPTY_BODY = YES;
				CLANG_WARN_ENUM_CONVERSION = YES;
				CLANG_WARN_INFINITE_RECURSION = YES;
				CLANG_WARN_INT_CONVERSION = YES;
				CLANG_WARN_NON_LITERAL_NULL_CONVERSION = YES;
				CLANG_WARN_OBJC_IMPLICIT_RETAIN_SELF = YES;
				CLANG_WARN_OBJC_LITERAL_CONVERSION = YES;
				CLANG_WARN_OBJC_ROOT_CLASS = YES_ERROR;
				CLANG_WARN_QUOTED_INCLUDE_IN_FRAMEWORK_HEADER = YES;
				CLANG_WARN_RANGE_LOOP_ANALYSIS = YES;
				CLANG_WARN_STRICT_PROTOTYPES = YES;
				CLANG_WARN_SUSPICIOUS_MOVE = YES;
				CLANG_WARN_UNGUARDED_AVAILABILITY = YES_AGGRESSIVE;
				CLANG_WARN_UNREACHABLE_CODE = YES;
				CLANG_WARN__DUPLICATE_METHOD_MATCH = YES;
				COPY_PHASE_STRIP = NO;
				DEBUG_INFORMATION_FORMAT = "dwarf-with-dsym";
				ENABLE_NS_ASSERTIONS = NO;
				ENABLE_STRICT_OBJC_MSGSEND = YES;
				GCC_C_LANGUAGE_STANDARD = gnu11;
				GCC_NO_COMMON_BLOCKS = YES;
				GCC_WARN_64_TO_32_BIT_CONVERSION = YES;
				GCC_WARN_ABOUT_RETURN_TYPE = YES_ERROR;
				GCC_WARN_UNDECLARED_SELECTOR = YES;
				GCC_WARN_UNINITIALIZED_AUTOS = YES_AGGRESSIVE;
				GCC_WARN_UNUSED_FUNCTION = YES;
				GCC_WARN_UNUSED_VARIABLE = YES;
				MTL_ENABLE_DEBUG_INFO = NO;
				MTL_FAST_MATH = YES;
				SWIFT_COMPILATION_MODE = wholemodule;
				SWIFT_OPTIMIZATION_LEVEL = "-O";
			};
			name = Release;
		};
		632D85812A546EA600595F4B /* Debug */ = {
			isa = XCBuildConfiguration;
			buildSettings = {
				CODE_SIGN_STYLE = Automatic;
				CURRENT_PROJECT_VERSION = 1;
				DEVELOPMENT_TEAM = Q65984WZCF;
				GENERATE_INFOPLIST_FILE = YES;
				INFOPLIST_FILE = "iOS (Extension)/Info.plist";
				INFOPLIST_KEY_CFBundleDisplayName = "Agnex Extension";
				INFOPLIST_KEY_NSHumanReadableCopyright = "";
				IPHONEOS_DEPLOYMENT_TARGET = 15.0;
				LD_RUNPATH_SEARCH_PATHS = (
					"$(inherited)",
					"@executable_path/Frameworks",
					"@executable_path/../../Frameworks",
				);
				MARKETING_VERSION = 1.0;
				OTHER_LDFLAGS = (
					"-framework",
					SafariServices,
				);
				PRODUCT_BUNDLE_IDENTIFIER = com.bravenewapp.Agnex.Extension;
				PRODUCT_NAME = "Agnex Extension";
				SDKROOT = iphoneos;
				SKIP_INSTALL = YES;
				SWIFT_EMIT_LOC_STRINGS = YES;
				SWIFT_VERSION = 5.0;
				TARGETED_DEVICE_FAMILY = "1,2";
			};
			name = Debug;
		};
		632D85822A546EA600595F4B /* Release */ = {
			isa = XCBuildConfiguration;
			buildSettings = {
				CODE_SIGN_STYLE = Automatic;
				CURRENT_PROJECT_VERSION = 1;
				DEVELOPMENT_TEAM = Q65984WZCF;
				GENERATE_INFOPLIST_FILE = YES;
				INFOPLIST_FILE = "iOS (Extension)/Info.plist";
				INFOPLIST_KEY_CFBundleDisplayName = "Agnex Extension";
				INFOPLIST_KEY_NSHumanReadableCopyright = "";
				IPHONEOS_DEPLOYMENT_TARGET = 15.0;
				LD_RUNPATH_SEARCH_PATHS = (
					"$(inherited)",
					"@executable_path/Frameworks",
					"@executable_path/../../Frameworks",
				);
				MARKETING_VERSION = 1.0;
				OTHER_LDFLAGS = (
					"-framework",
					SafariServices,
				);
				PRODUCT_BUNDLE_IDENTIFIER = com.bravenewapp.Agnex.Extension;
				PRODUCT_NAME = "Agnex Extension";
				SDKROOT = iphoneos;
				SKIP_INSTALL = YES;
				SWIFT_EMIT_LOC_STRINGS = YES;
				SWIFT_VERSION = 5.0;
				TARGETED_DEVICE_FAMILY = "1,2";
				VALIDATE_PRODUCT = YES;
			};
			name = Release;
		};
		632D85852A546EA600595F4B /* Debug */ = {
			isa = XCBuildConfiguration;
			buildSettings = {
				ALWAYS_EMBED_SWIFT_STANDARD_LIBRARIES = YES;
				ASSETCATALOG_COMPILER_APPICON_NAME = AppIcon;
				ASSETCATALOG_COMPILER_GLOBAL_ACCENT_COLOR_NAME = AccentColor;
				CODE_SIGN_STYLE = Automatic;
				CURRENT_PROJECT_VERSION = 1;
				DEVELOPMENT_TEAM = Q65984WZCF;
				GENERATE_INFOPLIST_FILE = YES;
				INFOPLIST_FILE = "iOS (App)/Info.plist";
				INFOPLIST_KEY_CFBundleDisplayName = Agnex;
				INFOPLIST_KEY_UIApplicationSupportsIndirectInputEvents = YES;
				INFOPLIST_KEY_UILaunchStoryboardName = LaunchScreen;
				INFOPLIST_KEY_UIMainStoryboardFile = Main;
				INFOPLIST_KEY_UISupportedInterfaceOrientations = "UIInterfaceOrientationPortrait UIInterfaceOrientationLandscapeLeft UIInterfaceOrientationLandscapeRight";
				INFOPLIST_KEY_UISupportedInterfaceOrientations_iPad = "UIInterfaceOrientationPortrait UIInterfaceOrientationPortraitUpsideDown UIInterfaceOrientationLandscapeLeft UIInterfaceOrientationLandscapeRight";
				IPHONEOS_DEPLOYMENT_TARGET = 15.0;
				LD_RUNPATH_SEARCH_PATHS = (
					"$(inherited)",
					"@executable_path/Frameworks",
				);
				MARKETING_VERSION = 1.0;
				OTHER_LDFLAGS = (
					"-framework",
					SafariServices,
					"-framework",
					WebKit,
				);
				PRODUCT_BUNDLE_IDENTIFIER = com.bravenewapp.Agnex;
				PRODUCT_NAME = Agnex;
				SDKROOT = iphoneos;
				SWIFT_EMIT_LOC_STRINGS = YES;
				SWIFT_VERSION = 5.0;
				TARGETED_DEVICE_FAMILY = "1,2";
			};
			name = Debug;
		};
		632D85862A546EA600595F4B /* Release */ = {
			isa = XCBuildConfiguration;
			buildSettings = {
				ALWAYS_EMBED_SWIFT_STANDARD_LIBRARIES = YES;
				ASSETCATALOG_COMPILER_APPICON_NAME = AppIcon;
				ASSETCATALOG_COMPILER_GLOBAL_ACCENT_COLOR_NAME = AccentColor;
				CODE_SIGN_STYLE = Automatic;
				CURRENT_PROJECT_VERSION = 1;
				DEVELOPMENT_TEAM = Q65984WZCF;
				GENERATE_INFOPLIST_FILE = YES;
				INFOPLIST_FILE = "iOS (App)/Info.plist";
				INFOPLIST_KEY_CFBundleDisplayName = Agnex;
				INFOPLIST_KEY_UIApplicationSupportsIndirectInputEvents = YES;
				INFOPLIST_KEY_UILaunchStoryboardName = LaunchScreen;
				INFOPLIST_KEY_UIMainStoryboardFile = Main;
				INFOPLIST_KEY_UISupportedInterfaceOrientations = "UIInterfaceOrientationPortrait UIInterfaceOrientationLandscapeLeft UIInterfaceOrientationLandscapeRight";
				INFOPLIST_KEY_UISupportedInterfaceOrientations_iPad = "UIInterfaceOrientationPortrait UIInterfaceOrientationPortraitUpsideDown UIInterfaceOrientationLandscapeLeft UIInterfaceOrientationLandscapeRight";
				IPHONEOS_DEPLOYMENT_TARGET = 15.0;
				LD_RUNPATH_SEARCH_PATHS = (
					"$(inherited)",
					"@executable_path/Frameworks",
				);
				MARKETING_VERSION = 1.0;
				OTHER_LDFLAGS = (
					"-framework",
					SafariServices,
					"-framework",
					WebKit,
				);
				PRODUCT_BUNDLE_IDENTIFIER = com.bravenewapp.Agnex;
				PRODUCT_NAME = Agnex;
				SDKROOT = iphoneos;
				SWIFT_EMIT_LOC_STRINGS = YES;
				SWIFT_VERSION = 5.0;
				TARGETED_DEVICE_FAMILY = "1,2";
				VALIDATE_PRODUCT = YES;
			};
			name = Release;
		};
		632D85882A546EA600595F4B /* Debug */ = {
			isa = XCBuildConfiguration;
			buildSettings = {
				CODE_SIGN_ENTITLEMENTS = "macOS (Extension)/Agnex.entitlements";
				CODE_SIGN_STYLE = Automatic;
				CURRENT_PROJECT_VERSION = 1;
				DEVELOPMENT_TEAM = Q65984WZCF;
				ENABLE_HARDENED_RUNTIME = YES;
				GENERATE_INFOPLIST_FILE = YES;
				INFOPLIST_FILE = "macOS (Extension)/Info.plist";
				INFOPLIST_KEY_CFBundleDisplayName = "Agnex Extension";
				INFOPLIST_KEY_NSHumanReadableCopyright = "";
				LD_RUNPATH_SEARCH_PATHS = (
					"$(inherited)",
					"@executable_path/../Frameworks",
					"@executable_path/../../../../Frameworks",
				);
				MACOSX_DEPLOYMENT_TARGET = 10.14;
				MARKETING_VERSION = 1.0;
				OTHER_LDFLAGS = (
					"-framework",
					SafariServices,
				);
				PRODUCT_BUNDLE_IDENTIFIER = com.bravenewapp.Agnex.Extension;
				PRODUCT_NAME = "Agnex Extension";
				SDKROOT = macosx;
				SKIP_INSTALL = YES;
				SWIFT_EMIT_LOC_STRINGS = YES;
				SWIFT_VERSION = 5.0;
			};
			name = Debug;
		};
		632D85892A546EA600595F4B /* Release */ = {
			isa = XCBuildConfiguration;
			buildSettings = {
				CODE_SIGN_ENTITLEMENTS = "macOS (Extension)/Agnex.entitlements";
				CODE_SIGN_STYLE = Automatic;
				CURRENT_PROJECT_VERSION = 1;
				DEVELOPMENT_TEAM = Q65984WZCF;
				ENABLE_HARDENED_RUNTIME = YES;
				GENERATE_INFOPLIST_FILE = YES;
				INFOPLIST_FILE = "macOS (Extension)/Info.plist";
				INFOPLIST_KEY_CFBundleDisplayName = "Agnex Extension";
				INFOPLIST_KEY_NSHumanReadableCopyright = "";
				LD_RUNPATH_SEARCH_PATHS = (
					"$(inherited)",
					"@executable_path/../Frameworks",
					"@executable_path/../../../../Frameworks",
				);
				MACOSX_DEPLOYMENT_TARGET = 10.14;
				MARKETING_VERSION = 1.0;
				OTHER_LDFLAGS = (
					"-framework",
					SafariServices,
				);
				PRODUCT_BUNDLE_IDENTIFIER = com.bravenewapp.Agnex.Extension;
				PRODUCT_NAME = "Agnex Extension";
				SDKROOT = macosx;
				SKIP_INSTALL = YES;
				SWIFT_EMIT_LOC_STRINGS = YES;
				SWIFT_VERSION = 5.0;
			};
			name = Release;
		};
		632D858C2A546EA600595F4B /* Debug */ = {
			isa = XCBuildConfiguration;
			buildSettings = {
				ALWAYS_EMBED_SWIFT_STANDARD_LIBRARIES = YES;
				ASSETCATALOG_COMPILER_APPICON_NAME = AppIcon;
				ASSETCATALOG_COMPILER_GLOBAL_ACCENT_COLOR_NAME = AccentColor;
				CODE_SIGN_ENTITLEMENTS = "macOS (App)/Agnex.entitlements";
				CODE_SIGN_STYLE = Automatic;
				CURRENT_PROJECT_VERSION = 1;
				DEVELOPMENT_TEAM = Q65984WZCF;
				ENABLE_HARDENED_RUNTIME = YES;
				GENERATE_INFOPLIST_FILE = YES;
				INFOPLIST_KEY_CFBundleDisplayName = Agnex;
				INFOPLIST_KEY_NSMainStoryboardFile = Main;
				INFOPLIST_KEY_NSPrincipalClass = NSApplication;
				LD_RUNPATH_SEARCH_PATHS = (
					"$(inherited)",
					"@executable_path/../Frameworks",
				);
				MACOSX_DEPLOYMENT_TARGET = 10.14;
				MARKETING_VERSION = 1.0;
				OTHER_LDFLAGS = (
					"-framework",
					SafariServices,
					"-framework",
					WebKit,
				);
				PRODUCT_BUNDLE_IDENTIFIER = com.bravenewapp.Agnex;
				PRODUCT_NAME = Agnex;
				SDKROOT = macosx;
				SWIFT_EMIT_LOC_STRINGS = YES;
				SWIFT_VERSION = 5.0;
			};
			name = Debug;
		};
		632D858D2A546EA600595F4B /* Release */ = {
			isa = XCBuildConfiguration;
			buildSettings = {
				ALWAYS_EMBED_SWIFT_STANDARD_LIBRARIES = YES;
				ASSETCATALOG_COMPILER_APPICON_NAME = AppIcon;
				ASSETCATALOG_COMPILER_GLOBAL_ACCENT_COLOR_NAME = AccentColor;
				CODE_SIGN_ENTITLEMENTS = "macOS (App)/Agnex.entitlements";
				CODE_SIGN_STYLE = Automatic;
				CURRENT_PROJECT_VERSION = 1;
				DEVELOPMENT_TEAM = Q65984WZCF;
				ENABLE_HARDENED_RUNTIME = YES;
				GENERATE_INFOPLIST_FILE = YES;
				INFOPLIST_KEY_CFBundleDisplayName = Agnex;
				INFOPLIST_KEY_NSMainStoryboardFile = Main;
				INFOPLIST_KEY_NSPrincipalClass = NSApplication;
				LD_RUNPATH_SEARCH_PATHS = (
					"$(inherited)",
					"@executable_path/../Frameworks",
				);
				MACOSX_DEPLOYMENT_TARGET = 10.14;
				MARKETING_VERSION = 1.0;
				OTHER_LDFLAGS = (
					"-framework",
					SafariServices,
					"-framework",
					WebKit,
				);
				PRODUCT_BUNDLE_IDENTIFIER = com.bravenewapp.Agnex;
				PRODUCT_NAME = Agnex;
				SDKROOT = macosx;
				SWIFT_EMIT_LOC_STRINGS = YES;
				SWIFT_VERSION = 5.0;
			};
			name = Release;
		};
/* End XCBuildConfiguration section */

/* Begin XCConfigurationList section */
		632D85182A546EA500595F4B /* Build configuration list for PBXProject "Agnex" */ = {
			isa = XCConfigurationList;
			buildConfigurations = (
				632D857E2A546EA600595F4B /* Debug */,
				632D857F2A546EA600595F4B /* Release */,
			);
			defaultConfigurationIsVisible = 0;
			defaultConfigurationName = Release;
		};
		632D85802A546EA600595F4B /* Build configuration list for PBXNativeTarget "Agnex Extension (iOS)" */ = {
			isa = XCConfigurationList;
			buildConfigurations = (
				632D85812A546EA600595F4B /* Debug */,
				632D85822A546EA600595F4B /* Release */,
			);
			defaultConfigurationIsVisible = 0;
			defaultConfigurationName = Release;
		};
		632D85842A546EA600595F4B /* Build configuration list for PBXNativeTarget "Agnex (iOS)" */ = {
			isa = XCConfigurationList;
			buildConfigurations = (
				632D85852A546EA600595F4B /* Debug */,
				632D85862A546EA600595F4B /* Release */,
			);
			defaultConfigurationIsVisible = 0;
			defaultConfigurationName = Release;
		};
		632D85872A546EA600595F4B /* Build configuration list for PBXNativeTarget "Agnex Extension (macOS)" */ = {
			isa = XCConfigurationList;
			buildConfigurations = (
				632D85882A546EA600595F4B /* Debug */,
				632D85892A546EA600595F4B /* Release */,
			);
			defaultConfigurationIsVisible = 0;
			defaultConfigurationName = Release;
		};
		632D858B2A546EA600595F4B /* Build configuration list for PBXNativeTarget "Agnex (macOS)" */ = {
			isa = XCConfigurationList;
			buildConfigurations = (
				632D858C2A546EA600595F4B /* Debug */,
				632D858D2A546EA600595F4B /* Release */,
			);
			defaultConfigurationIsVisible = 0;
			defaultConfigurationName = Release;
		};
/* End XCConfigurationList section */
	};
	rootObject = 632D85152A546EA500595F4B /* Project object */;
}
